
Microsoft Visual Studio Solution File, Format Version 12.00
# Visual Studio 15
Project("{FAE04EC0-301F-11D3-BF4B-00C04F79EFBC}") = "AstarPathfindingProject", "AstarPathfindingProject.csproj", "{11745DA3-5764-74C3-3A0F-5EBED1707CBE}"
EndProject
Project("{FAE04EC0-301F-11D3-BF4B-00C04F79EFBC}") = "Assembly-CSharp", "Assembly-CSharp.csproj", "{F55AC2A6-E998-55C1-EA89-C980305595B9}"
EndProject
Project("{FAE04EC0-301F-11D3-BF4B-00C04F79EFBC}") = "AstarPathfindingProjectEditor", "AstarPathfindingProjectEditor.csproj", "{7F12DCFD-2732-F423-4209-E72945D8ED99}"
EndProject
Project("{FAE04EC0-301F-11D3-BF4B-00C04F79EFBC}") = "PackageToolsEditor", "PackageToolsEditor.csproj", "{7B144950-FF8A-BB02-0364-13A57FBF81F5}"
EndProject
Global
	GlobalSection(SolutionConfigurationPlatforms) = preSolution
		Debug|Any CPU = Debug|Any CPU
		Release|Any CPU = Release|Any CPU
	EndGlobalSection
	GlobalSection(ProjectConfigurationPlatforms) = postSolution
		{11745DA3-5764-74C3-3A0F-5EBED1707CBE}.Debug|Any CPU.ActiveCfg = Debug|Any CPU
		{11745DA3-5764-74C3-3A0F-5EBED1707CBE}.Debug|Any CPU.Build.0 = Debug|Any CPU
		{11745DA3-5764-74C3-3A0F-5EBED1707CBE}.Release|Any CPU.ActiveCfg = Release|Any CPU
		{11745DA3-5764-74C3-3A0F-5EBED1707CBE}.Release|Any CPU.Build.0 = Release|Any CPU
		{F55AC2A6-E998-55C1-EA89-C980305595B9}.Debug|Any CPU.ActiveCfg = Debug|Any CPU
		{F55AC2A6-E998-55C1-EA89-C980305595B9}.Debug|Any CPU.Build.0 = Debug|Any CPU
		{F55AC2A6-E998-55C1-EA89-C980305595B9}.Release|Any CPU.ActiveCfg = Release|Any CPU
		{F55AC2A6-E998-55C1-EA89-C980305595B9}.Release|Any CPU.Build.0 = Release|Any CPU
		{7F12DCFD-2732-F423-4209-E72945D8ED99}.Debug|Any CPU.ActiveCfg = Debug|Any CPU
		{7F12DCFD-2732-F423-4209-E72945D8ED99}.Debug|Any CPU.Build.0 = Debug|Any CPU
		{7F12DCFD-2732-F423-4209-E72945D8ED99}.Release|Any CPU.ActiveCfg = Release|Any CPU
		{7F12DCFD-2732-F423-4209-E72945D8ED99}.Release|Any CPU.Build.0 = Release|Any CPU
		{7B144950-FF8A-BB02-0364-13A57FBF81F5}.Debug|Any CPU.ActiveCfg = Debug|Any CPU
		{7B144950-FF8A-BB02-0364-13A57FBF81F5}.Debug|Any CPU.Build.0 = Debug|Any CPU
		{7B144950-FF8A-BB02-0364-13A57FBF81F5}.Release|Any CPU.ActiveCfg = Release|Any CPU
		{7B144950-FF8A-BB02-0364-13A57FBF81F5}.Release|Any CPU.Build.0 = Release|Any CPU
	EndGlobalSection
	GlobalSection(SolutionProperties) = preSolution
		HideSolutionNode = FALSE
	EndGlobalSection
EndGlobal
